
Microsoft Visual Studio Solution File, Format Version 12.00
# Visual Studio Version 16
VisualStudioVersion = 16.0.30225.117
MinimumVisualStudioVersion = 10.0.40219.1
Project("{FAE04EC0-301F-11D3-BF4B-00C04F79EFBC}") = "WindowsFormsApp107", "WindowsFormsApp107\WindowsFormsApp107.csproj", "{070C39E1-FFAC-45C1-A6FC-5E1B81F45808}"
EndProject
Global
	GlobalSection(SolutionConfigurationPlatforms) = preSolution
		Debug|Any CPU = Debug|Any CPU
		Release|Any CPU = Release|Any CPU
	EndGlobalSection
	GlobalSection(ProjectConfigurationPlatforms) = postSolution
		{070C39E1-FFAC-45C1-A6FC-5E1B81F45808}.Debug|Any CPU.ActiveCfg = Debug|Any CPU
		{070C39E1-FFAC-45C1-A6FC-5E1B81F45808}.Debug|Any CPU.Build.0 = Debug|Any CPU
		{070C39E1-FFAC-45C1-A6FC-5E1B81F45808}.Release|Any CPU.ActiveCfg = Release|Any CPU
		{070C39E1-FFAC-45C1-A6FC-5E1B81F45808}.Release|Any CPU.Build.0 = Release|Any CPU
	EndGlobalSection
	GlobalSection(SolutionProperties) = preSolution
		HideSolutionNode = FALSE
	EndGlobalSection
	GlobalSection(ExtensibilityGlobals) = postSolution
		SolutionGuid = {87A5583F-F19E-4840-AE53-870206AC8F04}
	EndGlobalSection
EndGlobal
